
Microsoft Visual Studio Solution File, Format Version 12.00
# Visual Studio Version 17
VisualStudioVersion = 17.4.33213.308
MinimumVisualStudioVersion = 10.0.40219.1
Project("{2150E333-8FDC-42A3-9474-1A3956D46DE8}") = "src", "src", "{A8B13B1F-BBB2-4127-BCFF-E2C26A2F3D97}"
EndProject
Project("{2150E333-8FDC-42A3-9474-1A3956D46DE8}") = "Solution Items", "Solution Items", "{6C97F3FE-AA5D-4FE8-8D30-4983A925EA5D}"
	ProjectSection(SolutionItems) = preProject
		ServiceUrls.txt = ServiceUrls.txt
	EndProjectSection
EndProject
Project("{2150E333-8FDC-42A3-9474-1A3956D46DE8}") = "ApiGateways", "ApiGateways", "{FE936CEF-0900-4B23-A74E-C31B2CE94B7D}"
EndProject
Project("{2150E333-8FDC-42A3-9474-1A3956D46DE8}") = "BuildingBlocks", "BuildingBlocks", "{06BFB852-2CA3-4141-BB49-648D413340B5}"
EndProject
Project("{2150E333-8FDC-42A3-9474-1A3956D46DE8}") = "Services", "Services", "{4EA44F84-FDC4-447D-96AA-E8ED9BA2D48B}"
EndProject
Project("{2150E333-8FDC-42A3-9474-1A3956D46DE8}") = "Clients", "Clients", "{8E932E11-5CDB-4404-B2F6-83E5780385BC}"
EndProject
Project("{2150E333-8FDC-42A3-9474-1A3956D46DE8}") = "WebApiGateway", "WebApiGateway", "{65CB9661-FD48-48CD-B328-3E7B6399FAAE}"
EndProject
Project("{FAE04EC0-301F-11D3-BF4B-00C04F79EFBC}") = "Web.ApiGateway", "src\ApiGateways\WebApiGateway\Web.ApiGateway\Web.ApiGateway.csproj", "{E0BD81BC-2FBB-4A1B-A961-7FC9D090B03A}"
EndProject
Project("{2150E333-8FDC-42A3-9474-1A3956D46DE8}") = "EventBus", "EventBus", "{1C4298B5-3CB7-49E7-BE5B-F8753236A48F}"
EndProject
Project("{FAE04EC0-301F-11D3-BF4B-00C04F79EFBC}") = "EventBus.Base", "src\BuildingBlocks\EventBus\EventBus.Base\EventBus.Base.csproj", "{209DC0C6-9B59-4CBE-97FD-DBC82BED0F5F}"
EndProject
Project("{FAE04EC0-301F-11D3-BF4B-00C04F79EFBC}") = "EventBus.Factory", "src\BuildingBlocks\EventBus\EventBus.Factory\EventBus.Factory.csproj", "{3E4DBABB-5D96-4E4E-A1A8-DEE5501F384D}"
EndProject
Project("{FAE04EC0-301F-11D3-BF4B-00C04F79EFBC}") = "EventBus.AzureServiceBus", "src\BuildingBlocks\EventBus\EventBus.AzureServiceBus\EventBus.AzureServiceBus.csproj", "{ABCAF328-755B-4F98-9EDE-20303F4C73D2}"
EndProject
Project("{FAE04EC0-301F-11D3-BF4B-00C04F79EFBC}") = "EventBus.RabbitMQ", "src\BuildingBlocks\EventBus\EventBus.RabbitMQ\EventBus.RabbitMQ.csproj", "{9054FBEF-73B1-45B9-822F-EC7F164E10B8}"
EndProject
Project("{2150E333-8FDC-42A3-9474-1A3956D46DE8}") = "BlazorWebApp", "BlazorWebApp", "{D26FB3D3-E34A-4C6F-A446-D53BB93AF880}"
EndProject
Project("{FAE04EC0-301F-11D3-BF4B-00C04F79EFBC}") = "WebApp", "src\Clients\BlazorWebApp\WebApp\WebApp.csproj", "{DC223D56-C98E-4A62-AB78-BD569B0B934E}"
EndProject
Project("{2150E333-8FDC-42A3-9474-1A3956D46DE8}") = "BasketService", "BasketService", "{D900D231-9712-4C1E-8358-5DE80A8C3D2C}"
EndProject
Project("{FAE04EC0-301F-11D3-BF4B-00C04F79EFBC}") = "BasketService.Api", "src\Services\BasketService\BasketService.Api\BasketService.Api.csproj", "{D2B88F5A-FA10-4987-A391-1472AA83ADAB}"
EndProject
Project("{2150E333-8FDC-42A3-9474-1A3956D46DE8}") = "CatologService", "CatologService", "{C5B2ADAB-CD3A-43B0-8D83-A576117D8F97}"
EndProject
Project("{FAE04EC0-301F-11D3-BF4B-00C04F79EFBC}") = "CatologService.Api", "src\Services\CatologService\CatologService.Api\CatologService.Api.csproj", "{95813C6A-7649-40CD-9581-0F54D4080A4F}"
EndProject
Project("{2150E333-8FDC-42A3-9474-1A3956D46DE8}") = "IdentityService", "IdentityService", "{8B549F5E-337E-47DC-A795-D76BCF285D31}"
EndProject
Project("{FAE04EC0-301F-11D3-BF4B-00C04F79EFBC}") = "IdentityService.Api", "src\Services\IdentityService\IdentityService.Api\IdentityService.Api.csproj", "{C184B6EA-1E43-4C84-BC96-06323BDCB0AB}"
EndProject
Project("{2150E333-8FDC-42A3-9474-1A3956D46DE8}") = "NotificationService", "NotificationService", "{07037C3F-FC95-4E35-8BDB-30AB66251F56}"
EndProject
Project("{FAE04EC0-301F-11D3-BF4B-00C04F79EFBC}") = "BotificationService", "src\Services\NotificationService\BotificationService\BotificationService.csproj", "{AE3F0DF1-557F-4138-8694-7FD754FA178C}"
EndProject
Project("{2150E333-8FDC-42A3-9474-1A3956D46DE8}") = "OrderService", "OrderService", "{C67C49F0-9C05-443D-914B-89499E550F32}"
EndProject
Project("{FAE04EC0-301F-11D3-BF4B-00C04F79EFBC}") = "OrderService.Domain", "src\Services\OrderService\OrderService.Domain\OrderService.Domain.csproj", "{5E588AA6-16A1-4B61-B258-754BE07524D7}"
EndProject
Project("{FAE04EC0-301F-11D3-BF4B-00C04F79EFBC}") = "OrderService.Application", "src\Services\OrderService\OrderService.Application\OrderService.Application.csproj", "{C31145FF-12CE-4BF1-B510-658D1F5B9312}"
EndProject
Project("{FAE04EC0-301F-11D3-BF4B-00C04F79EFBC}") = "OrderService.Infastructure", "src\Services\OrderService\OrderService.Infastructure\OrderService.Infastructure.csproj", "{62D1869C-23B7-4396-9585-F5008022E2A5}"
EndProject
Project("{FAE04EC0-301F-11D3-BF4B-00C04F79EFBC}") = "OrderService.Api", "src\Services\OrderService\OrderService.Api\OrderService.Api.csproj", "{1A164D98-51CE-4125-B466-C4744BD873B7}"
EndProject
Project("{2150E333-8FDC-42A3-9474-1A3956D46DE8}") = "PaymentService", "PaymentService", "{DD610902-B798-4CD4-B487-7DEE99AC53A8}"
EndProject
Project("{FAE04EC0-301F-11D3-BF4B-00C04F79EFBC}") = "PaymentService.Api", "src\Services\PaymentService\PaymentService.Api\PaymentService.Api.csproj", "{7B284E66-2908-4434-BC9A-519389647BCE}"
EndProject
Global
	GlobalSection(SolutionConfigurationPlatforms) = preSolution
		Debug|Any CPU = Debug|Any CPU
		Release|Any CPU = Release|Any CPU
	EndGlobalSection
	GlobalSection(ProjectConfigurationPlatforms) = postSolution
		{E0BD81BC-2FBB-4A1B-A961-7FC9D090B03A}.Debug|Any CPU.ActiveCfg = Debug|Any CPU
		{E0BD81BC-2FBB-4A1B-A961-7FC9D090B03A}.Debug|Any CPU.Build.0 = Debug|Any CPU
		{E0BD81BC-2FBB-4A1B-A961-7FC9D090B03A}.Release|Any CPU.ActiveCfg = Release|Any CPU
		{E0BD81BC-2FBB-4A1B-A961-7FC9D090B03A}.Release|Any CPU.Build.0 = Release|Any CPU
		{209DC0C6-9B59-4CBE-97FD-DBC82BED0F5F}.Debug|Any CPU.ActiveCfg = Debug|Any CPU
		{209DC0C6-9B59-4CBE-97FD-DBC82BED0F5F}.Debug|Any CPU.Build.0 = Debug|Any CPU
		{209DC0C6-9B59-4CBE-97FD-DBC82BED0F5F}.Release|Any CPU.ActiveCfg = Release|Any CPU
		{209DC0C6-9B59-4CBE-97FD-DBC82BED0F5F}.Release|Any CPU.Build.0 = Release|Any CPU
		{3E4DBABB-5D96-4E4E-A1A8-DEE5501F384D}.Debug|Any CPU.ActiveCfg = Debug|Any CPU
		{3E4DBABB-5D96-4E4E-A1A8-DEE5501F384D}.Debug|Any CPU.Build.0 = Debug|Any CPU
		{3E4DBABB-5D96-4E4E-A1A8-DEE5501F384D}.Release|Any CPU.ActiveCfg = Release|Any CPU
		{3E4DBABB-5D96-4E4E-A1A8-DEE5501F384D}.Release|Any CPU.Build.0 = Release|Any CPU
		{ABCAF328-755B-4F98-9EDE-20303F4C73D2}.Debug|Any CPU.ActiveCfg = Debug|Any CPU
		{ABCAF328-755B-4F98-9EDE-20303F4C73D2}.Debug|Any CPU.Build.0 = Debug|Any CPU
		{ABCAF328-755B-4F98-9EDE-20303F4C73D2}.Release|Any CPU.ActiveCfg = Release|Any CPU
		{ABCAF328-755B-4F98-9EDE-20303F4C73D2}.Release|Any CPU.Build.0 = Release|Any CPU
		{9054FBEF-73B1-45B9-822F-EC7F164E10B8}.Debug|Any CPU.ActiveCfg = Debug|Any CPU
		{9054FBEF-73B1-45B9-822F-EC7F164E10B8}.Debug|Any CPU.Build.0 = Debug|Any CPU
		{9054FBEF-73B1-45B9-822F-EC7F164E10B8}.Release|Any CPU.ActiveCfg = Release|Any CPU
		{9054FBEF-73B1-45B9-822F-EC7F164E10B8}.Release|Any CPU.Build.0 = Release|Any CPU
		{DC223D56-C98E-4A62-AB78-BD569B0B934E}.Debug|Any CPU.ActiveCfg = Debug|Any CPU
		{DC223D56-C98E-4A62-AB78-BD569B0B934E}.Debug|Any CPU.Build.0 = Debug|Any CPU
		{DC223D56-C98E-4A62-AB78-BD569B0B934E}.Release|Any CPU.ActiveCfg = Release|Any CPU
		{DC223D56-C98E-4A62-AB78-BD569B0B934E}.Release|Any CPU.Build.0 = Release|Any CPU
		{D2B88F5A-FA10-4987-A391-1472AA83ADAB}.Debug|Any CPU.ActiveCfg = Debug|Any CPU
		{D2B88F5A-FA10-4987-A391-1472AA83ADAB}.Debug|Any CPU.Build.0 = Debug|Any CPU
		{D2B88F5A-FA10-4987-A391-1472AA83ADAB}.Release|Any CPU.ActiveCfg = Release|Any CPU
		{D2B88F5A-FA10-4987-A391-1472AA83ADAB}.Release|Any CPU.Build.0 = Release|Any CPU
		{95813C6A-7649-40CD-9581-0F54D4080A4F}.Debug|Any CPU.ActiveCfg = Debug|Any CPU
		{95813C6A-7649-40CD-9581-0F54D4080A4F}.Debug|Any CPU.Build.0 = Debug|Any CPU
		{95813C6A-7649-40CD-9581-0F54D4080A4F}.Release|Any CPU.ActiveCfg = Release|Any CPU
		{95813C6A-7649-40CD-9581-0F54D4080A4F}.Release|Any CPU.Build.0 = Release|Any CPU
		{C184B6EA-1E43-4C84-BC96-06323BDCB0AB}.Debug|Any CPU.ActiveCfg = Debug|Any CPU
		{C184B6EA-1E43-4C84-BC96-06323BDCB0AB}.Debug|Any CPU.Build.0 = Debug|Any CPU
		{C184B6EA-1E43-4C84-BC96-06323BDCB0AB}.Release|Any CPU.ActiveCfg = Release|Any CPU
		{C184B6EA-1E43-4C84-BC96-06323BDCB0AB}.Release|Any CPU.Build.0 = Release|Any CPU
		{AE3F0DF1-557F-4138-8694-7FD754FA178C}.Debug|Any CPU.ActiveCfg = Debug|Any CPU
		{AE3F0DF1-557F-4138-8694-7FD754FA178C}.Debug|Any CPU.Build.0 = Debug|Any CPU
		{AE3F0DF1-557F-4138-8694-7FD754FA178C}.Release|Any CPU.ActiveCfg = Release|Any CPU
		{AE3F0DF1-557F-4138-8694-7FD754FA178C}.Release|Any CPU.Build.0 = Release|Any CPU
		{5E588AA6-16A1-4B61-B258-754BE07524D7}.Debug|Any CPU.ActiveCfg = Debug|Any CPU
		{5E588AA6-16A1-4B61-B258-754BE07524D7}.Debug|Any CPU.Build.0 = Debug|Any CPU
		{5E588AA6-16A1-4B61-B258-754BE07524D7}.Release|Any CPU.ActiveCfg = Release|Any CPU
		{5E588AA6-16A1-4B61-B258-754BE07524D7}.Release|Any CPU.Build.0 = Release|Any CPU
		{C31145FF-12CE-4BF1-B510-658D1F5B9312}.Debug|Any CPU.ActiveCfg = Debug|Any CPU
		{C31145FF-12CE-4BF1-B510-658D1F5B9312}.Debug|Any CPU.Build.0 = Debug|Any CPU
		{C31145FF-12CE-4BF1-B510-658D1F5B9312}.Release|Any CPU.ActiveCfg = Release|Any CPU
		{C31145FF-12CE-4BF1-B510-658D1F5B9312}.Release|Any CPU.Build.0 = Release|Any CPU
		{62D1869C-23B7-4396-9585-F5008022E2A5}.Debug|Any CPU.ActiveCfg = Debug|Any CPU
		{62D1869C-23B7-4396-9585-F5008022E2A5}.Debug|Any CPU.Build.0 = Debug|Any CPU
		{62D1869C-23B7-4396-9585-F5008022E2A5}.Release|Any CPU.ActiveCfg = Release|Any CPU
		{62D1869C-23B7-4396-9585-F5008022E2A5}.Release|Any CPU.Build.0 = Release|Any CPU
		{1A164D98-51CE-4125-B466-C4744BD873B7}.Debug|Any CPU.ActiveCfg = Debug|Any CPU
		{1A164D98-51CE-4125-B466-C4744BD873B7}.Debug|Any CPU.Build.0 = Debug|Any CPU
		{1A164D98-51CE-4125-B466-C4744BD873B7}.Release|Any CPU.ActiveCfg = Release|Any CPU
		{1A164D98-51CE-4125-B466-C4744BD873B7}.Release|Any CPU.Build.0 = Release|Any CPU
		{7B284E66-2908-4434-BC9A-519389647BCE}.Debug|Any CPU.ActiveCfg = Debug|Any CPU
		{7B284E66-2908-4434-BC9A-519389647BCE}.Debug|Any CPU.Build.0 = Debug|Any CPU
		{7B284E66-2908-4434-BC9A-519389647BCE}.Release|Any CPU.ActiveCfg = Release|Any CPU
		{7B284E66-2908-4434-BC9A-519389647BCE}.Release|Any CPU.Build.0 = Release|Any CPU
	EndGlobalSection
	GlobalSection(SolutionProperties) = preSolution
		HideSolutionNode = FALSE
	EndGlobalSection
	GlobalSection(NestedProjects) = preSolution
		{FE936CEF-0900-4B23-A74E-C31B2CE94B7D} = {A8B13B1F-BBB2-4127-BCFF-E2C26A2F3D97}
		{06BFB852-2CA3-4141-BB49-648D413340B5} = {A8B13B1F-BBB2-4127-BCFF-E2C26A2F3D97}
		{4EA44F84-FDC4-447D-96AA-E8ED9BA2D48B} = {A8B13B1F-BBB2-4127-BCFF-E2C26A2F3D97}
		{8E932E11-5CDB-4404-B2F6-83E5780385BC} = {A8B13B1F-BBB2-4127-BCFF-E2C26A2F3D97}
		{65CB9661-FD48-48CD-B328-3E7B6399FAAE} = {FE936CEF-0900-4B23-A74E-C31B2CE94B7D}
		{E0BD81BC-2FBB-4A1B-A961-7FC9D090B03A} = {65CB9661-FD48-48CD-B328-3E7B6399FAAE}
		{1C4298B5-3CB7-49E7-BE5B-F8753236A48F} = {06BFB852-2CA3-4141-BB49-648D413340B5}
		{209DC0C6-9B59-4CBE-97FD-DBC82BED0F5F} = {1C4298B5-3CB7-49E7-BE5B-F8753236A48F}
		{3E4DBABB-5D96-4E4E-A1A8-DEE5501F384D} = {1C4298B5-3CB7-49E7-BE5B-F8753236A48F}
		{ABCAF328-755B-4F98-9EDE-20303F4C73D2} = {1C4298B5-3CB7-49E7-BE5B-F8753236A48F}
		{9054FBEF-73B1-45B9-822F-EC7F164E10B8} = {1C4298B5-3CB7-49E7-BE5B-F8753236A48F}
		{D26FB3D3-E34A-4C6F-A446-D53BB93AF880} = {8E932E11-5CDB-4404-B2F6-83E5780385BC}
		{DC223D56-C98E-4A62-AB78-BD569B0B934E} = {D26FB3D3-E34A-4C6F-A446-D53BB93AF880}
		{D900D231-9712-4C1E-8358-5DE80A8C3D2C} = {4EA44F84-FDC4-447D-96AA-E8ED9BA2D48B}
		{D2B88F5A-FA10-4987-A391-1472AA83ADAB} = {D900D231-9712-4C1E-8358-5DE80A8C3D2C}
		{C5B2ADAB-CD3A-43B0-8D83-A576117D8F97} = {4EA44F84-FDC4-447D-96AA-E8ED9BA2D48B}
		{95813C6A-7649-40CD-9581-0F54D4080A4F} = {C5B2ADAB-CD3A-43B0-8D83-A576117D8F97}
		{8B549F5E-337E-47DC-A795-D76BCF285D31} = {4EA44F84-FDC4-447D-96AA-E8ED9BA2D48B}
		{C184B6EA-1E43-4C84-BC96-06323BDCB0AB} = {8B549F5E-337E-47DC-A795-D76BCF285D31}
		{07037C3F-FC95-4E35-8BDB-30AB66251F56} = {4EA44F84-FDC4-447D-96AA-E8ED9BA2D48B}
		{AE3F0DF1-557F-4138-8694-7FD754FA178C} = {07037C3F-FC95-4E35-8BDB-30AB66251F56}
		{C67C49F0-9C05-443D-914B-89499E550F32} = {4EA44F84-FDC4-447D-96AA-E8ED9BA2D48B}
		{5E588AA6-16A1-4B61-B258-754BE07524D7} = {C67C49F0-9C05-443D-914B-89499E550F32}
		{C31145FF-12CE-4BF1-B510-658D1F5B9312} = {C67C49F0-9C05-443D-914B-89499E550F32}
		{62D1869C-23B7-4396-9585-F5008022E2A5} = {C67C49F0-9C05-443D-914B-89499E550F32}
		{1A164D98-51CE-4125-B466-C4744BD873B7} = {C67C49F0-9C05-443D-914B-89499E550F32}
		{DD610902-B798-4CD4-B487-7DEE99AC53A8} = {4EA44F84-FDC4-447D-96AA-E8ED9BA2D48B}
		{7B284E66-2908-4434-BC9A-519389647BCE} = {DD610902-B798-4CD4-B487-7DEE99AC53A8}
	EndGlobalSection
	GlobalSection(ExtensibilityGlobals) = postSolution
		SolutionGuid = {E105C95B-16E1-4AA3-9DD2-4E2BEACA4661}
	EndGlobalSection
EndGlobal
